{
  "name": "SistemaDeOperaciones",
  "lockfileVersion": 3,
  "requires": true,
  "packages": {
    "": {
      "dependencies": {
        "datatables.net-bs5": "^2.0.2",
        "datatables.net-plugins": "^2.0.2"
      }
    },
    "node_modules/@types/jquery": {
      "version": "3.5.29",
      "resolved": "https://registry.npmjs.org/@types/jquery/-/jquery-3.5.29.tgz",
      "integrity": "sha512-oXQQC9X9MOPRrMhPHHOsXqeQDnWeCDT3PelUIg/Oy8FAbzSZtFHRjc7IpbfFVmpLtJ+UOoywpRsuO5Jxjybyeg==",
      "dependencies": {
        "@types/sizzle": "*"
      }
    },
    "node_modules/@types/sizzle": {
      "version": "2.3.8",
      "resolved": "https://registry.npmjs.org/@types/sizzle/-/sizzle-2.3.8.tgz",
      "integrity": "sha512-0vWLNK2D5MT9dg0iOo8GlKguPAU02QjmZitPEsXRuJXU/OGIOt9vT9Fc26wtYuavLxtO45v9PGleoL9Z0k1LHg=="
    },
    "node_modules/datatables.net": {
      "version": "2.0.2",
      "resolved": "https://registry.npmjs.org/datatables.net/-/datatables.net-2.0.2.tgz",
      "integrity": "sha512-uQM+s1oXhpTajUw5DCxarpfAtQJMh0MKFCLZMCc+UWLWPg8ipe6L2zgDMbRC8n9UCwGVpHOwUYlQu2JU1/PhSg==",
      "dependencies": {
        "jquery": ">=1.7"
      }
    },
    "node_modules/datatables.net-bs5": {
      "version": "2.0.2",
      "resolved": "https://registry.npmjs.org/datatables.net-bs5/-/datatables.net-bs5-2.0.2.tgz",
      "integrity": "sha512-DT8UDglmFroQ+40W3ElSiil73ISc2bK8n7EjNdN2iFrX31mxDTWo4NA/fBBFWEXHTxOpi0V4vD7zTq0SxP0Pvw==",
      "dependencies": {
        "datatables.net": "2.0.2",
        "jquery": ">=1.7"
      }
    },
    "node_modules/datatables.net-plugins": {
      "version": "2.0.2",
      "resolved": "https://registry.npmjs.org/datatables.net-plugins/-/datatables.net-plugins-2.0.2.tgz",
      "integrity": "sha512-5Saljme81NDHu3oHtsgK9+VJiADKdRFlT9b1XFXnsm7MDXxWQcknP+kkvm826wlCmWM4DvZzbyMon0hElm8vGg==",
      "dependencies": {
        "@types/jquery": "^3.5.16",
        "datatables.net": "^2"
      }
    },
    "node_modules/jquery": {
      "version": "3.7.1",
      "resolved": "https://registry.npmjs.org/jquery/-/jquery-3.7.1.tgz",
      "integrity": "sha512-m4avr8yL8kmFN8psrbFFFmB/If14iN5o9nw/NgnnM+kybDJpRsAynV2BsfpTYrTRysYUdADVD7CkUUizgkpLfg=="
    }
  }
}
